
Microsoft Visual Studio Solution File, Format Version 12.00
# Visual Studio Version 17
VisualStudioVersion = 17.0.32112.339
MinimumVisualStudioVersion = 10.0.40219.1
Project("{FAE04EC0-301F-11D3-BF4B-00C04F79EFBC}") = "04_CleverLily", "04_CleverLily\04_CleverLily.csproj", "{B5A27F1D-0243-4C95-B9FE-818A4B366870}"
EndProject
Global
	GlobalSection(SolutionConfigurationPlatforms) = preSolution
		Debug|Any CPU = Debug|Any CPU
		Release|Any CPU = Release|Any CPU
	EndGlobalSection
	GlobalSection(ProjectConfigurationPlatforms) = postSolution
		{B5A27F1D-0243-4C95-B9FE-818A4B366870}.Debug|Any CPU.ActiveCfg = Debug|Any CPU
		{B5A27F1D-0243-4C95-B9FE-818A4B366870}.Debug|Any CPU.Build.0 = Debug|Any CPU
		{B5A27F1D-0243-4C95-B9FE-818A4B366870}.Release|Any CPU.ActiveCfg = Release|Any CPU
		{B5A27F1D-0243-4C95-B9FE-818A4B366870}.Release|Any CPU.Build.0 = Release|Any CPU
	EndGlobalSection
	GlobalSection(SolutionProperties) = preSolution
		HideSolutionNode = FALSE
	EndGlobalSection
	GlobalSection(ExtensibilityGlobals) = postSolution
		SolutionGuid = {D39BC14F-3207-4FA5-B173-2DD4937C3216}
	EndGlobalSection
EndGlobal
