
Microsoft Visual Studio Solution File, Format Version 12.00
# Visual Studio Version 17
VisualStudioVersion = 17.0.32112.339
MinimumVisualStudioVersion = 10.0.40219.1
Project("{FAE04EC0-301F-11D3-BF4B-00C04F79EFBC}") = "P02_BonusScore", "P02_BonusScore\P02_BonusScore.csproj", "{B706708A-EB56-4717-B566-74ACF067E259}"
EndProject
Global
	GlobalSection(SolutionConfigurationPlatforms) = preSolution
		Debug|Any CPU = Debug|Any CPU
		Release|Any CPU = Release|Any CPU
	EndGlobalSection
	GlobalSection(ProjectConfigurationPlatforms) = postSolution
		{B706708A-EB56-4717-B566-74ACF067E259}.Debug|Any CPU.ActiveCfg = Debug|Any CPU
		{B706708A-EB56-4717-B566-74ACF067E259}.Debug|Any CPU.Build.0 = Debug|Any CPU
		{B706708A-EB56-4717-B566-74ACF067E259}.Release|Any CPU.ActiveCfg = Release|Any CPU
		{B706708A-EB56-4717-B566-74ACF067E259}.Release|Any CPU.Build.0 = Release|Any CPU
	EndGlobalSection
	GlobalSection(SolutionProperties) = preSolution
		HideSolutionNode = FALSE
	EndGlobalSection
	GlobalSection(ExtensibilityGlobals) = postSolution
		SolutionGuid = {04BEB4DA-AE5E-418F-AF6E-F2CA5250B07E}
	EndGlobalSection
EndGlobal
