
Microsoft Visual Studio Solution File, Format Version 12.00
# Visual Studio Version 17
VisualStudioVersion = 17.0.32112.339
MinimumVisualStudioVersion = 10.0.40219.1
Project("{FAE04EC0-301F-11D3-BF4B-00C04F79EFBC}") = "06_VowelsSum", "06_VowelsSum\06_VowelsSum.csproj", "{AEC79FE8-A5B4-416F-9BE6-779FC6E8FDF8}"
EndProject
Global
	GlobalSection(SolutionConfigurationPlatforms) = preSolution
		Debug|Any CPU = Debug|Any CPU
		Release|Any CPU = Release|Any CPU
	EndGlobalSection
	GlobalSection(ProjectConfigurationPlatforms) = postSolution
		{AEC79FE8-A5B4-416F-9BE6-779FC6E8FDF8}.Debug|Any CPU.ActiveCfg = Debug|Any CPU
		{AEC79FE8-A5B4-416F-9BE6-779FC6E8FDF8}.Debug|Any CPU.Build.0 = Debug|Any CPU
		{AEC79FE8-A5B4-416F-9BE6-779FC6E8FDF8}.Release|Any CPU.ActiveCfg = Release|Any CPU
		{AEC79FE8-A5B4-416F-9BE6-779FC6E8FDF8}.Release|Any CPU.Build.0 = Release|Any CPU
	EndGlobalSection
	GlobalSection(SolutionProperties) = preSolution
		HideSolutionNode = FALSE
	EndGlobalSection
	GlobalSection(ExtensibilityGlobals) = postSolution
		SolutionGuid = {DD553398-D722-4F42-A1C7-5D1D74C28286}
	EndGlobalSection
EndGlobal
