
Microsoft Visual Studio Solution File, Format Version 12.00
# Visual Studio Version 17
VisualStudioVersion = 17.0.32112.339
MinimumVisualStudioVersion = 10.0.40219.1
Project("{FAE04EC0-301F-11D3-BF4B-00C04F79EFBC}") = "P03_AnimalType", "P03_AnimalType\P03_AnimalType.csproj", "{7C964CD8-DD69-4B35-9A57-613E8DFC923A}"
EndProject
Global
	GlobalSection(SolutionConfigurationPlatforms) = preSolution
		Debug|Any CPU = Debug|Any CPU
		Release|Any CPU = Release|Any CPU
	EndGlobalSection
	GlobalSection(ProjectConfigurationPlatforms) = postSolution
		{7C964CD8-DD69-4B35-9A57-613E8DFC923A}.Debug|Any CPU.ActiveCfg = Debug|Any CPU
		{7C964CD8-DD69-4B35-9A57-613E8DFC923A}.Debug|Any CPU.Build.0 = Debug|Any CPU
		{7C964CD8-DD69-4B35-9A57-613E8DFC923A}.Release|Any CPU.ActiveCfg = Release|Any CPU
		{7C964CD8-DD69-4B35-9A57-613E8DFC923A}.Release|Any CPU.Build.0 = Release|Any CPU
	EndGlobalSection
	GlobalSection(SolutionProperties) = preSolution
		HideSolutionNode = FALSE
	EndGlobalSection
	GlobalSection(ExtensibilityGlobals) = postSolution
		SolutionGuid = {648B49C4-345F-4F2D-B708-BEEB47AE9964}
	EndGlobalSection
EndGlobal
