
Microsoft Visual Studio Solution File, Format Version 12.00
# Visual Studio Version 17
VisualStudioVersion = 17.0.32112.339
MinimumVisualStudioVersion = 10.0.40219.1
Project("{FAE04EC0-301F-11D3-BF4B-00C04F79EFBC}") = "P07_ Shopping", "P07_ Shopping\P07_ Shopping.csproj", "{0217A58E-B13E-4644-A05F-D755A01C5578}"
EndProject
Global
	GlobalSection(SolutionConfigurationPlatforms) = preSolution
		Debug|Any CPU = Debug|Any CPU
		Release|Any CPU = Release|Any CPU
	EndGlobalSection
	GlobalSection(ProjectConfigurationPlatforms) = postSolution
		{0217A58E-B13E-4644-A05F-D755A01C5578}.Debug|Any CPU.ActiveCfg = Debug|Any CPU
		{0217A58E-B13E-4644-A05F-D755A01C5578}.Debug|Any CPU.Build.0 = Debug|Any CPU
		{0217A58E-B13E-4644-A05F-D755A01C5578}.Release|Any CPU.ActiveCfg = Release|Any CPU
		{0217A58E-B13E-4644-A05F-D755A01C5578}.Release|Any CPU.Build.0 = Release|Any CPU
	EndGlobalSection
	GlobalSection(SolutionProperties) = preSolution
		HideSolutionNode = FALSE
	EndGlobalSection
	GlobalSection(ExtensibilityGlobals) = postSolution
		SolutionGuid = {3CAB26DF-607D-4FF6-8D97-1F195407A751}
	EndGlobalSection
EndGlobal
