
Microsoft Visual Studio Solution File, Format Version 12.00
# Visual Studio Version 17
VisualStudioVersion = 17.0.32112.339
MinimumVisualStudioVersion = 10.0.40219.1
Project("{FAE04EC0-301F-11D3-BF4B-00C04F79EFBC}") = "04_Fishing Boat", "04_Fishing Boat\04_Fishing Boat.csproj", "{6DDFECDF-DD5B-40DE-9CB9-95E7CFC67819}"
EndProject
Global
	GlobalSection(SolutionConfigurationPlatforms) = preSolution
		Debug|Any CPU = Debug|Any CPU
		Release|Any CPU = Release|Any CPU
	EndGlobalSection
	GlobalSection(ProjectConfigurationPlatforms) = postSolution
		{6DDFECDF-DD5B-40DE-9CB9-95E7CFC67819}.Debug|Any CPU.ActiveCfg = Debug|Any CPU
		{6DDFECDF-DD5B-40DE-9CB9-95E7CFC67819}.Debug|Any CPU.Build.0 = Debug|Any CPU
		{6DDFECDF-DD5B-40DE-9CB9-95E7CFC67819}.Release|Any CPU.ActiveCfg = Release|Any CPU
		{6DDFECDF-DD5B-40DE-9CB9-95E7CFC67819}.Release|Any CPU.Build.0 = Release|Any CPU
	EndGlobalSection
	GlobalSection(SolutionProperties) = preSolution
		HideSolutionNode = FALSE
	EndGlobalSection
	GlobalSection(ExtensibilityGlobals) = postSolution
		SolutionGuid = {EBFFD579-1C36-4545-A96E-C2EB3AFF8D5C}
	EndGlobalSection
EndGlobal
