
Microsoft Visual Studio Solution File, Format Version 12.00
# Visual Studio Version 17
VisualStudioVersion = 17.0.32112.339
MinimumVisualStudioVersion = 10.0.40219.1
Project("{FAE04EC0-301F-11D3-BF4B-00C04F79EFBC}") = "07_MinNumber", "07_MinNumber\07_MinNumber.csproj", "{71697F17-D833-45A9-82B3-55D8A7EB11E2}"
EndProject
Global
	GlobalSection(SolutionConfigurationPlatforms) = preSolution
		Debug|Any CPU = Debug|Any CPU
		Release|Any CPU = Release|Any CPU
	EndGlobalSection
	GlobalSection(ProjectConfigurationPlatforms) = postSolution
		{71697F17-D833-45A9-82B3-55D8A7EB11E2}.Debug|Any CPU.ActiveCfg = Debug|Any CPU
		{71697F17-D833-45A9-82B3-55D8A7EB11E2}.Debug|Any CPU.Build.0 = Debug|Any CPU
		{71697F17-D833-45A9-82B3-55D8A7EB11E2}.Release|Any CPU.ActiveCfg = Release|Any CPU
		{71697F17-D833-45A9-82B3-55D8A7EB11E2}.Release|Any CPU.Build.0 = Release|Any CPU
	EndGlobalSection
	GlobalSection(SolutionProperties) = preSolution
		HideSolutionNode = FALSE
	EndGlobalSection
	GlobalSection(ExtensibilityGlobals) = postSolution
		SolutionGuid = {9BCA5AAF-F0D5-455D-B494-EBCCACD876D5}
	EndGlobalSection
EndGlobal
