
Microsoft Visual Studio Solution File, Format Version 12.00
# Visual Studio Version 17
VisualStudioVersion = 17.0.32112.339
MinimumVisualStudioVersion = 10.0.40219.1
Project("{FAE04EC0-301F-11D3-BF4B-00C04F79EFBC}") = "06_MaxNumber", "06_MaxNumber\06_MaxNumber.csproj", "{4FB38EA7-6B50-410C-8272-B8397D6C2A12}"
EndProject
Global
	GlobalSection(SolutionConfigurationPlatforms) = preSolution
		Debug|Any CPU = Debug|Any CPU
		Release|Any CPU = Release|Any CPU
	EndGlobalSection
	GlobalSection(ProjectConfigurationPlatforms) = postSolution
		{4FB38EA7-6B50-410C-8272-B8397D6C2A12}.Debug|Any CPU.ActiveCfg = Debug|Any CPU
		{4FB38EA7-6B50-410C-8272-B8397D6C2A12}.Debug|Any CPU.Build.0 = Debug|Any CPU
		{4FB38EA7-6B50-410C-8272-B8397D6C2A12}.Release|Any CPU.ActiveCfg = Release|Any CPU
		{4FB38EA7-6B50-410C-8272-B8397D6C2A12}.Release|Any CPU.Build.0 = Release|Any CPU
	EndGlobalSection
	GlobalSection(SolutionProperties) = preSolution
		HideSolutionNode = FALSE
	EndGlobalSection
	GlobalSection(ExtensibilityGlobals) = postSolution
		SolutionGuid = {0A3AAB1B-FB28-414C-8DEE-4E4B95C80496}
	EndGlobalSection
EndGlobal
