
Microsoft Visual Studio Solution File, Format Version 12.00
# Visual Studio Version 17
VisualStudioVersion = 17.0.32112.339
MinimumVisualStudioVersion = 10.0.40219.1
Project("{FAE04EC0-301F-11D3-BF4B-00C04F79EFBC}") = "P06_WorldSwimmingRecord", "P06_WorldSwimmingRecord\P06_WorldSwimmingRecord.csproj", "{29D227F4-BFD3-4839-BE0E-041F03F83DE8}"
EndProject
Global
	GlobalSection(SolutionConfigurationPlatforms) = preSolution
		Debug|Any CPU = Debug|Any CPU
		Release|Any CPU = Release|Any CPU
	EndGlobalSection
	GlobalSection(ProjectConfigurationPlatforms) = postSolution
		{29D227F4-BFD3-4839-BE0E-041F03F83DE8}.Debug|Any CPU.ActiveCfg = Debug|Any CPU
		{29D227F4-BFD3-4839-BE0E-041F03F83DE8}.Debug|Any CPU.Build.0 = Debug|Any CPU
		{29D227F4-BFD3-4839-BE0E-041F03F83DE8}.Release|Any CPU.ActiveCfg = Release|Any CPU
		{29D227F4-BFD3-4839-BE0E-041F03F83DE8}.Release|Any CPU.Build.0 = Release|Any CPU
	EndGlobalSection
	GlobalSection(SolutionProperties) = preSolution
		HideSolutionNode = FALSE
	EndGlobalSection
	GlobalSection(ExtensibilityGlobals) = postSolution
		SolutionGuid = {0244013B-A724-4544-B163-189436C7B144}
	EndGlobalSection
EndGlobal
