
Microsoft Visual Studio Solution File, Format Version 12.00
# Visual Studio Version 17
VisualStudioVersion = 17.0.32112.339
MinimumVisualStudioVersion = 10.0.40219.1
Project("{FAE04EC0-301F-11D3-BF4B-00C04F79EFBC}") = "07_Moving", "07_Moving\07_Moving.csproj", "{BED6CF7A-9923-44FF-B5FE-F4D7DCAE7449}"
EndProject
Global
	GlobalSection(SolutionConfigurationPlatforms) = preSolution
		Debug|Any CPU = Debug|Any CPU
		Release|Any CPU = Release|Any CPU
	EndGlobalSection
	GlobalSection(ProjectConfigurationPlatforms) = postSolution
		{BED6CF7A-9923-44FF-B5FE-F4D7DCAE7449}.Debug|Any CPU.ActiveCfg = Debug|Any CPU
		{BED6CF7A-9923-44FF-B5FE-F4D7DCAE7449}.Debug|Any CPU.Build.0 = Debug|Any CPU
		{BED6CF7A-9923-44FF-B5FE-F4D7DCAE7449}.Release|Any CPU.ActiveCfg = Release|Any CPU
		{BED6CF7A-9923-44FF-B5FE-F4D7DCAE7449}.Release|Any CPU.Build.0 = Release|Any CPU
	EndGlobalSection
	GlobalSection(SolutionProperties) = preSolution
		HideSolutionNode = FALSE
	EndGlobalSection
	GlobalSection(ExtensibilityGlobals) = postSolution
		SolutionGuid = {D251FA95-C2EF-495E-9517-9DB90A142327}
	EndGlobalSection
EndGlobal
