
Microsoft Visual Studio Solution File, Format Version 12.00
# Visual Studio Version 17
VisualStudioVersion = 17.0.32112.339
MinimumVisualStudioVersion = 10.0.40219.1
Project("{FAE04EC0-301F-11D3-BF4B-00C04F79EFBC}") = "P05_GodzillaVsKong", "P05_GodzillaVsKong\P05_GodzillaVsKong.csproj", "{4A5A97DF-D875-4E1D-87BE-5A6457346C0C}"
EndProject
Global
	GlobalSection(SolutionConfigurationPlatforms) = preSolution
		Debug|Any CPU = Debug|Any CPU
		Release|Any CPU = Release|Any CPU
	EndGlobalSection
	GlobalSection(ProjectConfigurationPlatforms) = postSolution
		{4A5A97DF-D875-4E1D-87BE-5A6457346C0C}.Debug|Any CPU.ActiveCfg = Debug|Any CPU
		{4A5A97DF-D875-4E1D-87BE-5A6457346C0C}.Debug|Any CPU.Build.0 = Debug|Any CPU
		{4A5A97DF-D875-4E1D-87BE-5A6457346C0C}.Release|Any CPU.ActiveCfg = Release|Any CPU
		{4A5A97DF-D875-4E1D-87BE-5A6457346C0C}.Release|Any CPU.Build.0 = Release|Any CPU
	EndGlobalSection
	GlobalSection(SolutionProperties) = preSolution
		HideSolutionNode = FALSE
	EndGlobalSection
	GlobalSection(ExtensibilityGlobals) = postSolution
		SolutionGuid = {0D88989B-3CFD-40D7-8D41-779C90739814}
	EndGlobalSection
EndGlobal
